{
  "version": 4,
  "terraform_version": "0.12.24",
  "serial": 4,
  "lineage": "913e0cc2-0d88-6c14-34f2-b0c078660f3c",
  "outputs": {},
  "resources": [
    {
      "mode": "data",
      "type": "template_file",
      "name": "state-bucket-policy",
      "provider": "provider.template",
      "instances": [
        {
          "schema_version": 0,
          "attributes": {
            "filename": null,
            "id": "f9c2de44d614f2ad556799fcc73838d5e3cfd22e445e708546358d652c58955f",
            "rendered": "{\n\t\"Version\": \"2012-10-17\",\n\t\"Statement\": [{\n\t\t\"Effect\": \"Allow\",\n\t\t\"Principal\": {\n\t\t\t\"AWS\": \"arn:aws:iam::369589790341:user/terraform\"\n\t\t},\n\t\t\"Action\": \"s3:*\",\n\t\t\"Resource\": \"arn:aws:s3:::vf-cm-dev-ndoms-emea-state-bucket\"\n\t}, {\n\t\t\"Effect\": \"Allow\",\n\t\t\"Principal\": {\n\t\t\t\"AWS\": \"arn:aws:iam::369589790341:user/terraform\"\n\t\t},\n\t\t\"Action\": \"s3:*\",\n\t\t\"Resource\": \"arn:aws:s3:::vf-cm-dev-ndoms-emea-state-bucket/*\"\n\t}]\n}\n",
            "template": "{\n\t\"Version\": \"2012-10-17\",\n\t\"Statement\": [{\n\t\t\"Effect\": \"Allow\",\n\t\t\"Principal\": {\n\t\t\t\"AWS\": \"arn:aws:iam::369589790341:user/terraform\"\n\t\t},\n\t\t\"Action\": \"s3:*\",\n\t\t\"Resource\": \"arn:aws:s3:::vf-${account_environment}-${vf_region}-state-bucket\"\n\t}, {\n\t\t\"Effect\": \"Allow\",\n\t\t\"Principal\": {\n\t\t\t\"AWS\": \"arn:aws:iam::369589790341:user/terraform\"\n\t\t},\n\t\t\"Action\": \"s3:*\",\n\t\t\"Resource\": \"arn:aws:s3:::vf-${account_environment}-${vf_region}-state-bucket/*\"\n\t}]\n}\n",
            "vars": {
              "account_environment": "cm-dev-ndoms",
              "vf_region": "emea"
            }
          }
        }
      ]
    },
    {
      "mode": "managed",
      "type": "aws_ecs_cluster",
      "name": "fg-cluster",
      "provider": "provider.aws",
      "instances": [
        {
          "schema_version": 0,
          "attributes": {
            "arn": "arn:aws:ecs:eu-west-1:369589790341:cluster/vf-cm-dev-ndoms-emea-fargate-cluster",
            "capacity_providers": null,
            "default_capacity_provider_strategy": [],
            "id": "arn:aws:ecs:eu-west-1:369589790341:cluster/vf-cm-dev-ndoms-emea-fargate-cluster",
            "name": "vf-cm-dev-ndoms-emea-fargate-cluster",
            "setting": [
              {
                "name": "containerInsights",
                "value": "disabled"
              }
            ],
            "tags": null
          },
          "private": "bnVsbA=="
        }
      ]
    },
    {
      "mode": "managed",
      "type": "aws_s3_bucket",
      "name": "vf-terraform",
      "provider": "provider.aws",
      "instances": [
        {
          "schema_version": 0,
          "attributes": {
            "acceleration_status": "",
            "acl": "private",
            "arn": "arn:aws:s3:::vf-cm-dev-ndoms-emea-state-bucket",
            "bucket": "vf-cm-dev-ndoms-emea-state-bucket",
            "bucket_domain_name": "vf-cm-dev-ndoms-emea-state-bucket.s3.amazonaws.com",
            "bucket_prefix": null,
            "bucket_regional_domain_name": "vf-cm-dev-ndoms-emea-state-bucket.s3.eu-west-1.amazonaws.com",
            "cors_rule": [],
            "force_destroy": false,
            "grant": [],
            "hosted_zone_id": "Z1BKCTXD74EZPE",
            "id": "vf-cm-dev-ndoms-emea-state-bucket",
            "lifecycle_rule": [],
            "logging": [],
            "object_lock_configuration": [],
            "policy": null,
            "region": "eu-west-1",
            "replication_configuration": [],
            "request_payer": "BucketOwner",
            "server_side_encryption_configuration": [],
            "tags": null,
            "versioning": [
              {
                "enabled": true,
                "mfa_delete": false
              }
            ],
            "website": [],
            "website_domain": null,
            "website_endpoint": null
          },
          "private": "bnVsbA=="
        }
      ]
    },
    {
      "mode": "managed",
      "type": "aws_s3_bucket_policy",
      "name": "vf-terraform",
      "provider": "provider.aws",
      "instances": [
        {
          "schema_version": 0,
          "attributes": {
            "bucket": "vf-cm-dev-ndoms-emea-state-bucket",
            "id": "vf-cm-dev-ndoms-emea-state-bucket",
            "policy": "{\n\t\"Version\": \"2012-10-17\",\n\t\"Statement\": [{\n\t\t\"Effect\": \"Allow\",\n\t\t\"Principal\": {\n\t\t\t\"AWS\": \"arn:aws:iam::369589790341:user/terraform\"\n\t\t},\n\t\t\"Action\": \"s3:*\",\n\t\t\"Resource\": \"arn:aws:s3:::vf-cm-dev-ndoms-emea-state-bucket\"\n\t}, {\n\t\t\"Effect\": \"Allow\",\n\t\t\"Principal\": {\n\t\t\t\"AWS\": \"arn:aws:iam::369589790341:user/terraform\"\n\t\t},\n\t\t\"Action\": \"s3:*\",\n\t\t\"Resource\": \"arn:aws:s3:::vf-cm-dev-ndoms-emea-state-bucket/*\"\n\t}]\n}\n"
          },
          "private": "bnVsbA==",
          "dependencies": [
            "aws_s3_bucket.vf-terraform"
          ]
        }
      ]
    }
  ]
}
